lockfileVersion: '9.0'

settings:
  autoInstallPeers: true
  excludeLinksFromLockfile: false

importers:

  .:
    devDependencies:
      jiti:
        specifier: ^2.6.1
        version: 2.6.1
      nitro:
        specifier: ^3.0.260311-beta
        version: 3.0.260311-beta(jiti@2.6.1)

packages:

  '@emnapi/core@1.9.1':
    resolution: {integrity: sha512-mukuNALVsoix/w1BJwFzwXBN/dHeejQtuVzcDsfOEsdpCumXb/E9j8w11h5S54tT1xhifGfbbSm/ICrObRb3KA==}

  '@emnapi/runtime@1.9.1':
    resolution: {integrity: sha512-VYi5+ZVLhpgK4hQ0TAjiQiZ6ol0oe4mBx7mVv7IflsiEp0OWoVsp/+f9Vc1hOhE0TtkORVrI1GvzyreqpgWtkA==}

  '@emnapi/wasi-threads@1.2.0':
    resolution: {integrity: sha512-N10dEJNSsUx41Z6pZsXU8FjPjpBEplgH24sfkmITrBED1/U2Esum9F3lfLrMjKHHjmi557zQn7kR9R+XWXu5Rg==}

  '@napi-rs/wasm-runtime@1.1.2':
    resolution: {integrity: sha512-sNXv5oLJ7ob93xkZ1XnxisYhGYXfaG9f65/ZgYuAu3qt7b3NadcOEhLvx28hv31PgX8SZJRYrAIPQilQmFpLVw==}
    peerDependencies:
      '@emnapi/core': ^1.7.1
      '@emnapi/runtime': ^1.7.1

  '@oxc-project/types@0.123.0':
    resolution: {integrity: sha512-YtECP/y8Mj1lSHiUWGSRzy/C6teUKlS87dEfuVKT09LgQbUsBW1rNg+MiJ4buGu3yuADV60gbIvo9/HplA56Ew==}

  '@rolldown/binding-android-arm64@1.0.0-rc.13':
    resolution: {integrity: sha512-5ZiiecKH2DXAVJTNN13gNMUcCDg4Jy8ZjbXEsPnqa248wgOVeYRX0iqXXD5Jz4bI9BFHgKsI2qmyJynstbmr+g==}
    engines: {node: ^20.19.0 || >=22.12.0}
    cpu: [arm64]
    os: [android]

  '@rolldown/binding-darwin-arm64@1.0.0-rc.13':
    resolution: {integrity: sha512-tz/v/8G77seu8zAB3A5sK3UFoOl06zcshEzhUO62sAEtrEuW/H1CcyoupOrD+NbQJytYgA4CppXPzlrmp4JZKA==}
    engines: {node: ^20.19.0 || >=22.12.0}
    cpu: [arm64]
    os: [darwin]

  '@rolldown/binding-darwin-x64@1.0.0-rc.13':
    resolution: {integrity: sha512-8DakphqOz8JrMYWTJmWA+vDJxut6LijZ8Xcdc4flOlAhU7PNVwo2MaWBF9iXjJAPo5rC/IxEFZDhJ3GC7NHvug==}
    engines: {node: ^20.19.0 || >=22.12.0}
    cpu: [x64]
    os: [darwin]

  '@rolldown/binding-freebsd-x64@1.0.0-rc.13':
    resolution: {integrity: sha512-4wBQFfjDuXYN/SVI8inBF3Aa+isq40rc6VMFbk5jcpolUBTe5cYnMsHZ51nFWsx3PVyyNN3vgoESki0Hmr/4BA==}
    engines: {node: ^20.19.0 || >=22.12.0}
    cpu: [x64]
    os: [freebsd]

  '@rolldown/binding-linux-arm-gnueabihf@1.0.0-rc.13':
    resolution: {integrity: sha512-JW/e4yPIXLms+jmnbwwy5LA/LxVwZUWLN8xug+V200wzaVi5TEGIWQlh8o91gWYFxW609euI98OCCemmWGuPrw==}
    engines: {node: ^20.19.0 || >=22.12.0}
    cpu: [arm]
    os: [linux]

  '@rolldown/binding-linux-arm64-gnu@1.0.0-rc.13':
    resolution: {integrity: sha512-ZfKWpXiUymDnavepCaM6KG/uGydJ4l2nBmMxg60Ci4CbeefpqjPWpfaZM7PThOhk2dssqBAcwLc6rAyr0uTdXg==}
    engines: {node: ^20.19.0 || >=22.12.0}
    cpu: [arm64]
    os: [linux]
    libc: [glibc]

  '@rolldown/binding-linux-arm64-musl@1.0.0-rc.13':
    resolution: {integrity: sha512-bmRg3O6Z0gq9yodKKWCIpnlH051sEfdVwt+6m5UDffAQMUUqU0xjnQqqAUm+Gu7ofAAly9DqiQDtKu2nPDEABA==}
    engines: {node: ^20.19.0 || >=22.12.0}
    cpu: [arm64]
    os: [linux]
    libc: [musl]

  '@rolldown/binding-linux-ppc64-gnu@1.0.0-rc.13':
    resolution: {integrity: sha512-8Wtnbw4k7pMYN9B/mOEAsQ8HOiq7AZ31Ig4M9BKn2So4xRaFEhtCSa4ZJaOutOWq50zpgR4N5+L/opnlaCx8wQ==}
    engines: {node: ^20.19.0 || >=22.12.0}
    cpu: [ppc64]
    os: [linux]
    libc: [glibc]

  '@rolldown/binding-linux-s390x-gnu@1.0.0-rc.13':
    resolution: {integrity: sha512-D/0Nlo8mQuxSMohNJUF2lDXWRsFDsHldfRRgD9bRgktj+EndGPj4DOV37LqDKPYS+osdyhZEH7fTakTAEcW7qg==}
    engines: {node: ^20.19.0 || >=22.12.0}
    cpu: [s390x]
    os: [linux]
    libc: [glibc]

  '@rolldown/binding-linux-x64-gnu@1.0.0-rc.13':
    resolution: {integrity: sha512-eRrPvat2YaVQcwwKi/JzOP6MKf1WRnOCr+VaI3cTWz3ZoLcP/654z90lVCJ4dAuMEpPdke0n+qyAqXDZdIC4rA==}
    engines: {node: ^20.19.0 || >=22.12.0}
    cpu: [x64]
    os: [linux]
    libc: [glibc]

  '@rolldown/binding-linux-x64-musl@1.0.0-rc.13':
    resolution: {integrity: sha512-PsdONiFRp8hR8KgVjTWjZ9s7uA3uueWL0t74/cKHfM4dR5zXYv4AjB8BvA+QDToqxAFg4ZkcVEqeu5F7inoz5w==}
    engines: {node: ^20.19.0 || >=22.12.0}
    cpu: [x64]
    os: [linux]
    libc: [musl]

  '@rolldown/binding-openharmony-arm64@1.0.0-rc.13':
    resolution: {integrity: sha512-hCNXgC5dI3TVOLrPT++PKFNZ+1EtS0mLQwfXXXSUD/+rGlB65gZDwN/IDuxLpQP4x8RYYHqGomlUXzpO8aVI2w==}
    engines: {node: ^20.19.0 || >=22.12.0}
    cpu: [arm64]
    os: [openharmony]

  '@rolldown/binding-wasm32-wasi@1.0.0-rc.13':
    resolution: {integrity: sha512-viLS5C5et8NFtLWw9Sw3M/w4vvnVkbWkO7wSNh3C+7G1+uCkGpr6PcjNDSFcNtmXY/4trjPBqUfcOL+P3sWy/g==}
    engines: {node: '>=14.0.0'}
    cpu: [wasm32]

  '@rolldown/binding-win32-arm64-msvc@1.0.0-rc.13':
    resolution: {integrity: sha512-Fqa3Tlt1xL4wzmAYxGNFV36Hb+VfPc9PYU+E25DAnswXv3ODDu/yyWjQDbXMo5AGWkQVjLgQExuVu8I/UaZhPQ==}
    engines: {node: ^20.19.0 || >=22.12.0}
    cpu: [arm64]
    os: [win32]

  '@rolldown/binding-win32-x64-msvc@1.0.0-rc.13':
    resolution: {integrity: sha512-/pLI5kPkGEi44TDlnbio3St/5gUFeN51YWNAk/Gnv6mEQBOahRBh52qVFVBpmrnU01n2yysvBML9Ynu7K4kGAQ==}
    engines: {node: ^20.19.0 || >=22.12.0}
    cpu: [x64]
    os: [win32]

  '@rolldown/pluginutils@1.0.0-rc.13':
    resolution: {integrity: sha512-3ngTAv6F/Py35BsYbeeLeecvhMKdsKm4AoOETVhAA+Qc8nrA2I0kF7oa93mE9qnIurngOSpMnQ0x2nQY2FPviA==}

  '@tybys/wasm-util@0.10.1':
    resolution: {integrity: sha512-9tTaPJLSiejZKx+Bmog4uSubteqTvFrVrURwkmHixBo0G4seD0zUxp98E1DzUBJxLQ3NPwXrGKDiVjwx/DpPsg==}

  consola@3.4.2:
    resolution: {integrity: sha512-5IKcdX0nnYavi6G7TtOhwkYzyjfJlatbjMjuLSfE2kYT5pMDOilZ4OvMhi637CcDICTmz3wARPoyhqyX1Y+XvA==}
    engines: {node: ^14.18.0 || >=16.10.0}

  crossws@0.4.4:
    resolution: {integrity: sha512-w6c4OdpRNnudVmcgr7brb/+/HmYjMQvYToO/oTrprTwxRUiom3LYWU1PMWuD006okbUWpII1Ea9/+kwpUfmyRg==}
    peerDependencies:
      srvx: '>=0.7.1'
    peerDependenciesMeta:
      srvx:
        optional: true

  db0@0.3.4:
    resolution: {integrity: sha512-RiXXi4WaNzPTHEOu8UPQKMooIbqOEyqA1t7Z6MsdxSCeb8iUC9ko3LcmsLmeUt2SM5bctfArZKkRQggKZz7JNw==}
    peerDependencies:
      '@electric-sql/pglite': '*'
      '@libsql/client': '*'
      better-sqlite3: '*'
      drizzle-orm: '*'
      mysql2: '*'
      sqlite3: '*'
    peerDependenciesMeta:
      '@electric-sql/pglite':
        optional: true
      '@libsql/client':
        optional: true
      better-sqlite3:
        optional: true
      drizzle-orm:
        optional: true
      mysql2:
        optional: true
      sqlite3:
        optional: true

  env-runner@0.1.7:
    resolution: {integrity: sha512-i7h96jxETJYhXy5grgHNJ9xNzCzWIn9Ck/VkkYgOlE4gOqknsLX3CmlVb5LmwNex8sOoLFVZLz+TIw/+b5rktA==}
    hasBin: true
    peerDependencies:
      '@netlify/runtime': ^4
      miniflare: ^4.20260317.3
    peerDependenciesMeta:
      '@netlify/runtime':
        optional: true
      miniflare:
        optional: true

  exsolve@1.0.8:
    resolution: {integrity: sha512-LmDxfWXwcTArk8fUEnOfSZpHOJ6zOMUJKOtFLFqJLoKJetuQG874Uc7/Kki7zFLzYybmZhp1M7+98pfMqeX8yA==}

  h3@2.0.1-rc.20:
    resolution: {integrity: sha512-28ljodXuUp0fZovdiSRq4G9OgrxCztrJe5VdYzXAB7ueRvI7pIUqLU14Xi3XqdYJ/khXjfpUOOD2EQa6CmBgsg==}
    engines: {node: '>=20.11.1'}
    hasBin: true
    peerDependencies:
      crossws: ^0.4.1
    peerDependenciesMeta:
      crossws:
        optional: true

  hookable@6.1.0:
    resolution: {integrity: sha512-ZoKZSJgu8voGK2geJS+6YtYjvIzu9AOM/KZXsBxr83uhLL++e9pEv/dlgwgy3dvHg06kTz6JOh1hk3C8Ceiymw==}

  httpxy@0.5.0:
    resolution: {integrity: sha512-qwX7QX/rK2visT10/b7bSeZWQOMlSm3svTD0pZpU+vJjNUP0YHtNv4c3z+MO+MSnGuRFWJFdCZiV+7F7dXIOzg==}

  jiti@2.6.1:
    resolution: {integrity: sha512-ekilCSN1jwRvIbgeg/57YFh8qQDNbwDb9xT/qu2DAHbFFZUicIl4ygVaAvzveMhMVr3LnpSKTNnwt8PoOfmKhQ==}
    hasBin: true

  nf3@0.3.16:
    resolution: {integrity: sha512-Gs0xRPpUm2nDkqbi40NJ9g7qDIcjcJzgExiydnq6LAyqhI2jfno8wG3NKTL+IiJsx799UHOb1CnSd4Wg4SG4Pw==}

  nitro@3.0.260311-beta:
    resolution: {integrity: sha512-0o0fJ9LUh4WKUqJNX012jyieUOtMCnadkNDWr0mHzdraoHpJP/1CGNefjRyZyMXSpoJfwoWdNEZu2iGf35TUvQ==}
    engines: {node: ^20.19.0 || >=22.12.0}
    hasBin: true
    peerDependencies:
      dotenv: '*'
      giget: '*'
      jiti: ^2.6.1
      rollup: ^4.59.0
      vite: ^7 || ^8 || >=8.0.0-0
      xml2js: ^0.6.2
      zephyr-agent: ^0.1.15
    peerDependenciesMeta:
      dotenv:
        optional: true
      giget:
        optional: true
      jiti:
        optional: true
      rollup:
        optional: true
      vite:
        optional: true
      xml2js:
        optional: true
      zephyr-agent:
        optional: true

  ocache@0.1.4:
    resolution: {integrity: sha512-e7geNdWjxSnvsSgvLuPvgKgu7ubM10ZmTPOgpr7mz2BXYtvjMKTiLhjFi/gWU8chkuP6hNkZBsa9LzOusyaqkQ==}

  ofetch@2.0.0-alpha.3:
    resolution: {integrity: sha512-zpYTCs2byOuft65vI3z43Dd6iSdFbOZZLb9/d21aCpx2rGastVU9dOCv0lu4ykc1Ur1anAYjDi3SUvR0vq50JA==}

  ohash@2.0.11:
    resolution: {integrity: sha512-RdR9FQrFwNBNXAr4GixM8YaRZRJ5PUWbKYbE5eOsrwAjJW0q2REGcf79oYPsLyskQCZG1PLN+S/K1V00joZAoQ==}

  pathe@2.0.3:
    resolution: {integrity: sha512-WUjGcAqP1gQacoQe+OBJsFA7Ld4DyXuUIjZ5cc75cLHvJ7dtNsTugphxIADwspS+AraAUePCKrSVtPLFj/F88w==}

  rolldown@1.0.0-rc.13:
    resolution: {integrity: sha512-bvVj8YJmf0rq4pSFmH7laLa6pYrhghv3PRzrCdRAr23g66zOKVJ4wkvFtgohtPLWmthgg8/rkaqRHrpUEh0Zbw==}
    engines: {node: ^20.19.0 || >=22.12.0}
    hasBin: true

  rou3@0.8.1:
    resolution: {integrity: sha512-ePa+XGk00/3HuCqrEnK3LxJW7I0SdNg6EFzKUJG73hMAdDcOUC/i/aSz7LSDwLrGr33kal/rqOGydzwl6U7zBA==}

  srvx@0.11.15:
    resolution: {integrity: sha512-iXsux0UcOjdvs0LCMa2Ws3WwcDUozA3JN3BquNXkaFPP7TpRqgunKdEgoZ/uwb1J6xaYHfxtz9Twlh6yzwM6Tg==}
    engines: {node: '>=20.16.0'}
    hasBin: true

  tslib@2.8.1:
    resolution: {integrity: sha512-oJFu94HQb+KVduSUQL7wnpmqnfmLsOA/nAh6b6EH0wCEoK0/mPeXU6c3wKDV83MkOuHPRHtSXKKU99IBazS/2w==}

  unenv@2.0.0-rc.24:
    resolution: {integrity: sha512-i7qRCmY42zmCwnYlh9H2SvLEypEFGye5iRmEMKjcGi7zk9UquigRjFtTLz0TYqr0ZGLZhaMHl/foy1bZR+Cwlw==}

  unstorage@2.0.0-alpha.7:
    resolution: {integrity: sha512-ELPztchk2zgFJnakyodVY3vJWGW9jy//keJ32IOJVGUMyaPydwcA1FtVvWqT0TNRch9H+cMNEGllfVFfScImog==}
    peerDependencies:
      '@azure/app-configuration': ^1.11.0
      '@azure/cosmos': ^4.9.1
      '@azure/data-tables': ^13.3.2
      '@azure/identity': ^4.13.0
      '@azure/keyvault-secrets': ^4.10.0
      '@azure/storage-blob': ^12.31.0
      '@capacitor/preferences': ^6 || ^7 || ^8
      '@deno/kv': '>=0.13.0'
      '@netlify/blobs': ^6.5.0 || ^7.0.0 || ^8.1.0 || ^9.0.0 || ^10.0.0
      '@planetscale/database': ^1.19.0
      '@upstash/redis': ^1.36.2
      '@vercel/blob': '>=0.27.3'
      '@vercel/functions': ^2.2.12 || ^3.0.0
      '@vercel/kv': ^1.0.1
      aws4fetch: ^1.0.20
      chokidar: ^4 || ^5
      db0: '>=0.3.4'
      idb-keyval: ^6.2.2
      ioredis: ^5.9.3
      lru-cache: ^11.2.6
      mongodb: ^6 || ^7
      ofetch: '*'
      uploadthing: ^7.7.4
    peerDependenciesMeta:
      '@azure/app-configuration':
        optional: true
      '@azure/cosmos':
        optional: true
      '@azure/data-tables':
        optional: true
      '@azure/identity':
        optional: true
      '@azure/keyvault-secrets':
        optional: true
      '@azure/storage-blob':
        optional: true
      '@capacitor/preferences':
        optional: true
      '@deno/kv':
        optional: true
      '@netlify/blobs':
        optional: true
      '@planetscale/database':
        optional: true
      '@upstash/redis':
        optional: true
      '@vercel/blob':
        optional: true
      '@vercel/functions':
        optional: true
      '@vercel/kv':
        optional: true
      aws4fetch:
        optional: true
      chokidar:
        optional: true
      db0:
        optional: true
      idb-keyval:
        optional: true
      ioredis:
        optional: true
      lru-cache:
        optional: true
      mongodb:
        optional: true
      ofetch:
        optional: true
      uploadthing:
        optional: true

snapshots:

  '@emnapi/core@1.9.1':
    dependencies:
      '@emnapi/wasi-threads': 1.2.0
      tslib: 2.8.1
    optional: true

  '@emnapi/runtime@1.9.1':
    dependencies:
      tslib: 2.8.1
    optional: true

  '@emnapi/wasi-threads@1.2.0':
    dependencies:
      tslib: 2.8.1
    optional: true

  '@napi-rs/wasm-runtime@1.1.2(@emnapi/core@1.9.1)(@emnapi/runtime@1.9.1)':
    dependencies:
      '@emnapi/core': 1.9.1
      '@emnapi/runtime': 1.9.1
      '@tybys/wasm-util': 0.10.1
    optional: true

  '@oxc-project/types@0.123.0': {}

  '@rolldown/binding-android-arm64@1.0.0-rc.13':
    optional: true

  '@rolldown/binding-darwin-arm64@1.0.0-rc.13':
    optional: true

  '@rolldown/binding-darwin-x64@1.0.0-rc.13':
    optional: true

  '@rolldown/binding-freebsd-x64@1.0.0-rc.13':
    optional: true

  '@rolldown/binding-linux-arm-gnueabihf@1.0.0-rc.13':
    optional: true

  '@rolldown/binding-linux-arm64-gnu@1.0.0-rc.13':
    optional: true

  '@rolldown/binding-linux-arm64-musl@1.0.0-rc.13':
    optional: true

  '@rolldown/binding-linux-ppc64-gnu@1.0.0-rc.13':
    optional: true

  '@rolldown/binding-linux-s390x-gnu@1.0.0-rc.13':
    optional: true

  '@rolldown/binding-linux-x64-gnu@1.0.0-rc.13':
    optional: true

  '@rolldown/binding-linux-x64-musl@1.0.0-rc.13':
    optional: true

  '@rolldown/binding-openharmony-arm64@1.0.0-rc.13':
    optional: true

  '@rolldown/binding-wasm32-wasi@1.0.0-rc.13':
    dependencies:
      '@emnapi/core': 1.9.1
      '@emnapi/runtime': 1.9.1
      '@napi-rs/wasm-runtime': 1.1.2(@emnapi/core@1.9.1)(@emnapi/runtime@1.9.1)
    optional: true

  '@rolldown/binding-win32-arm64-msvc@1.0.0-rc.13':
    optional: true

  '@rolldown/binding-win32-x64-msvc@1.0.0-rc.13':
    optional: true

  '@rolldown/pluginutils@1.0.0-rc.13': {}

  '@tybys/wasm-util@0.10.1':
    dependencies:
      tslib: 2.8.1
    optional: true

  consola@3.4.2: {}

  crossws@0.4.4(srvx@0.11.15):
    optionalDependencies:
      srvx: 0.11.15

  db0@0.3.4: {}

  env-runner@0.1.7:
    dependencies:
      crossws: 0.4.4(srvx@0.11.15)
      exsolve: 1.0.8
      httpxy: 0.5.0
      srvx: 0.11.15

  exsolve@1.0.8: {}

  h3@2.0.1-rc.20(crossws@0.4.4(srvx@0.11.15)):
    dependencies:
      rou3: 0.8.1
      srvx: 0.11.15
    optionalDependencies:
      crossws: 0.4.4(srvx@0.11.15)

  hookable@6.1.0: {}

  httpxy@0.5.0: {}

  jiti@2.6.1: {}

  nf3@0.3.16: {}

  nitro@3.0.260311-beta(jiti@2.6.1):
    dependencies:
      consola: 3.4.2
      crossws: 0.4.4(srvx@0.11.15)
      db0: 0.3.4
      env-runner: 0.1.7
      h3: 2.0.1-rc.20(crossws@0.4.4(srvx@0.11.15))
      hookable: 6.1.0
      nf3: 0.3.16
      ocache: 0.1.4
      ofetch: 2.0.0-alpha.3
      ohash: 2.0.11
      rolldown: 1.0.0-rc.13
      srvx: 0.11.15
      unenv: 2.0.0-rc.24
      unstorage: 2.0.0-alpha.7(db0@0.3.4)(ofetch@2.0.0-alpha.3)
    optionalDependencies:
      jiti: 2.6.1
    transitivePeerDependencies:
      - '@azure/app-configuration'
      - '@azure/cosmos'
      - '@azure/data-tables'
      - '@azure/identity'
      - '@azure/keyvault-secrets'
      - '@azure/storage-blob'
      - '@capacitor/preferences'
      - '@deno/kv'
      - '@electric-sql/pglite'
      - '@libsql/client'
      - '@netlify/blobs'
      - '@netlify/runtime'
      - '@planetscale/database'
      - '@upstash/redis'
      - '@vercel/blob'
      - '@vercel/functions'
      - '@vercel/kv'
      - aws4fetch
      - better-sqlite3
      - chokidar
      - drizzle-orm
      - idb-keyval
      - ioredis
      - lru-cache
      - miniflare
      - mongodb
      - mysql2
      - sqlite3
      - uploadthing

  ocache@0.1.4:
    dependencies:
      ohash: 2.0.11

  ofetch@2.0.0-alpha.3: {}

  ohash@2.0.11: {}

  pathe@2.0.3: {}

  rolldown@1.0.0-rc.13:
    dependencies:
      '@oxc-project/types': 0.123.0
      '@rolldown/pluginutils': 1.0.0-rc.13
    optionalDependencies:
      '@rolldown/binding-android-arm64': 1.0.0-rc.13
      '@rolldown/binding-darwin-arm64': 1.0.0-rc.13
      '@rolldown/binding-darwin-x64': 1.0.0-rc.13
      '@rolldown/binding-freebsd-x64': 1.0.0-rc.13
      '@rolldown/binding-linux-arm-gnueabihf': 1.0.0-rc.13
      '@rolldown/binding-linux-arm64-gnu': 1.0.0-rc.13
      '@rolldown/binding-linux-arm64-musl': 1.0.0-rc.13
      '@rolldown/binding-linux-ppc64-gnu': 1.0.0-rc.13
      '@rolldown/binding-linux-s390x-gnu': 1.0.0-rc.13
      '@rolldown/binding-linux-x64-gnu': 1.0.0-rc.13
      '@rolldown/binding-linux-x64-musl': 1.0.0-rc.13
      '@rolldown/binding-openharmony-arm64': 1.0.0-rc.13
      '@rolldown/binding-wasm32-wasi': 1.0.0-rc.13
      '@rolldown/binding-win32-arm64-msvc': 1.0.0-rc.13
      '@rolldown/binding-win32-x64-msvc': 1.0.0-rc.13

  rou3@0.8.1: {}

  srvx@0.11.15: {}

  tslib@2.8.1:
    optional: true

  unenv@2.0.0-rc.24:
    dependencies:
      pathe: 2.0.3

  unstorage@2.0.0-alpha.7(db0@0.3.4)(ofetch@2.0.0-alpha.3):
    optionalDependencies:
      db0: 0.3.4
      ofetch: 2.0.0-alpha.3
